
Microsoft Visual Studio Solution File, Format Version 12.00
# Visual Studio 15
Project("{FAE04EC0-301F-11D3-BF4B-00C04F79EFBC}") = "Assembly-CSharp", "Assembly-CSharp.csproj", "{F0A473DD-880F-8DDF-1952-42E7C8E58A83}"
EndProject
Project("{FAE04EC0-301F-11D3-BF4B-00C04F79EFBC}") = "Assembly-CSharp-firstpass", "Assembly-CSharp-firstpass.csproj", "{A3AFE1D6-EBBF-224D-13F2-212C92EFA50D}"
EndProject
Project("{FAE04EC0-301F-11D3-BF4B-00C04F79EFBC}") = "Assembly-CSharp-Editor", "Assembly-CSharp-Editor.csproj", "{B96ADB0E-F84D-8B13-4E6D-E1BBA64E367D}"
EndProject
Global
	GlobalSection(SolutionConfigurationPlatforms) = preSolution
		Debug|Any CPU = Debug|Any CPU
		Release|Any CPU = Release|Any CPU
	EndGlobalSection
	GlobalSection(ProjectConfigurationPlatforms) = postSolution
		{F0A473DD-880F-8DDF-1952-42E7C8E58A83}.Debug|Any CPU.ActiveCfg = Debug|Any CPU
		{F0A473DD-880F-8DDF-1952-42E7C8E58A83}.Debug|Any CPU.Build.0 = Debug|Any CPU
		{F0A473DD-880F-8DDF-1952-42E7C8E58A83}.Release|Any CPU.ActiveCfg = Release|Any CPU
		{F0A473DD-880F-8DDF-1952-42E7C8E58A83}.Release|Any CPU.Build.0 = Release|Any CPU
		{A3AFE1D6-EBBF-224D-13F2-212C92EFA50D}.Debug|Any CPU.ActiveCfg = Debug|Any CPU
		{A3AFE1D6-EBBF-224D-13F2-212C92EFA50D}.Debug|Any CPU.Build.0 = Debug|Any CPU
		{A3AFE1D6-EBBF-224D-13F2-212C92EFA50D}.Release|Any CPU.ActiveCfg = Release|Any CPU
		{A3AFE1D6-EBBF-224D-13F2-212C92EFA50D}.Release|Any CPU.Build.0 = Release|Any CPU
		{B96ADB0E-F84D-8B13-4E6D-E1BBA64E367D}.Debug|Any CPU.ActiveCfg = Debug|Any CPU
		{B96ADB0E-F84D-8B13-4E6D-E1BBA64E367D}.Debug|Any CPU.Build.0 = Debug|Any CPU
		{B96ADB0E-F84D-8B13-4E6D-E1BBA64E367D}.Release|Any CPU.ActiveCfg = Release|Any CPU
		{B96ADB0E-F84D-8B13-4E6D-E1BBA64E367D}.Release|Any CPU.Build.0 = Release|Any CPU
	EndGlobalSection
	GlobalSection(SolutionProperties) = preSolution
		HideSolutionNode = FALSE
	EndGlobalSection
EndGlobal
